{
  "lockfileVersion": 1,
  "configVersion": 1,
  "workspaces": {
    "": {
      "name": "md2adf",
      "dependencies": {
        "@atlaskit/adf-schema": "^57.7.4",
        "@atlaskit/editor-json-transformer": "^10.0.0",
        "@atlaskit/editor-markdown-transformer": "^6.3.1",
      },
      "devDependencies": {
        "@types/bun": "^1.3.11",
        "ajv": "^8.18.0",
        "ajv-draft-04": "^1.0.0",
        "oxfmt": "^0.43.0",
        "oxlint": "^1.58.0",
      },
      "peerDependencies": {
        "typescript": "^6.0.2",
      },
    },
  },
  "packages": {
    "@atlaskit/adf-schema": ["@atlaskit/adf-schema@57.7.4", "", { "dependencies": { "@atlaskit/adf-schema-generator": "^4.0.0", "@atlaskit/editor-prosemirror": "^9.0.0", "@atlaskit/platform-feature-flags": "^2.2.0", "@atlaskit/tmp-editor-statsig": "^228.0.0", "@babel/runtime": "^7.0.0", "css-color-names": "0.0.4", "linkify-it": "^5.0.2", "memoize-one": "^6.0.0" } }, "sha512-85KeJxsukOh1df9bjdcbC5aYTCPYLJaZrIXr4pYa+CUlKyXKD2vGWRPBxhpnvcI5q/FjX75rYiDro0+IJpiJag=="],

    "@atlaskit/adf-schema-generator": ["@atlaskit/adf-schema-generator@4.0.4", "", { "dependencies": { "@atlaskit/editor-prosemirror": "^9.0.0", "@babel/runtime": "^7.0.0", "lodash": "^4.17.21" } }, "sha512-uFVUN81FHtcRl6zZUf7FhaFhSsAvPpeHo4nQlCXznJEqtTN/KAYJ+9nH1eMSUDoy///LyQBct1lrw/Iyvu/SnA=="],

    "@atlaskit/adf-utils": ["@atlaskit/adf-utils@20.9.61", "", { "dependencies": { "@atlaskit/adf-schema": "^57.7.0", "@atlaskit/editor-prosemirror": "^9.0.0", "@atlaskit/platform-feature-experiments": "^0.3.0", "@atlaskit/platform-feature-flags": "^2.2.0", "@atlaskit/tmp-editor-statsig": "^228.0.0", "@babel/runtime": "^7.0.0" } }, "sha512-0eOtYnZQgK2al96k1lyR/IapGmup54o6qRjZhxWPnvAEW449PrgkkgxuCw30v/HmUMWpHNEbzeoGEPM1w8/l5w=="],

    "@atlaskit/atlassian-context": ["@atlaskit/atlassian-context@2.0.0", "", { "dependencies": { "@babel/runtime": "^7.0.0" }, "peerDependencies": { "react": "^18.2.0 || ^19.0.0" } }, "sha512-RfdonD91GCqMo6a4nZlg3ZkKrHV4OcEkxVe/4J0aPkLk4R0rRZfcckvQxv0hou3JziNibIv4ou9naK6bt/Y09g=="],

    "@atlaskit/browser-apis": ["@atlaskit/browser-apis@1.2.0", "", { "dependencies": { "@babel/runtime": "^7.0.0" }, "peerDependencies": { "react": "^18.2.0" } }, "sha512-SNwf6LGu1BjECz62iC/kIOwmtiJlz4cuf04OnVLlN8amEly+6NHIzZG+IU2Bbpa2vG7oVSj3nSy0gMm/7kqiuQ=="],

    "@atlaskit/editor-json-transformer": ["@atlaskit/editor-json-transformer@10.0.0", "", { "dependencies": { "@atlaskit/adf-schema": "^57.6.0", "@atlaskit/adf-utils": "^20.9.0", "@atlaskit/editor-prosemirror": "^9.0.0", "@babel/runtime": "^7.0.0", "lodash": "^4.17.21" } }, "sha512-h0gPF073qFl2HqB0MPj9h+x3X4m7NsazBM2m9OH8WakOui9cvyVy9rb9h7/1/ga5NSNpDs4EY8/6bX/EsmC5fA=="],

    "@atlaskit/editor-markdown-transformer": ["@atlaskit/editor-markdown-transformer@6.3.1", "", { "dependencies": { "@atlaskit/adf-schema": "^57.5.0", "@atlaskit/editor-prosemirror": "^9.0.0", "@babel/runtime": "^7.0.0", "markdown-it": "^14.1.1", "markdown-it-table": "^2.0.6" } }, "sha512-JGvp5Kea8BNeEGplR7fbgWpKTS0398PFIxvQ2CDPe2bU/78rFPPaQLbxnOhsK85LOQWvCBbAs/6Qfw6FhIjbMA=="],

    "@atlaskit/editor-prosemirror": ["@atlaskit/editor-prosemirror@9.0.0", "", { "dependencies": { "@babel/runtime": "^7.0.0", "prosemirror-commands": "1.7.1", "prosemirror-dropcursor": "1.8.2", "prosemirror-history": "1.5.0", "prosemirror-keymap": "1.2.3", "prosemirror-markdown": "1.13.2", "prosemirror-model": "1.25.4", "prosemirror-state": "1.4.4", "prosemirror-transform": "1.10.5", "prosemirror-utils": "1.2.2", "prosemirror-view": "1.41.5" } }, "sha512-nwSgKruXf5XqlqCkv4ACmfM/w4ivep9VtnZCSp8xPMCPvZKMqJKytWSuJ8gxB8yedz2ohMTyTd+VsDE4kPC9Mw=="],

    "@atlaskit/feature-gate-js-client": ["@atlaskit/feature-gate-js-client@7.0.0", "", { "dependencies": { "@atlaskit/atlassian-context": "^2.0.0", "@babel/runtime": "^7.0.0", "@statsig/client-core": "3.30.2", "@statsig/js-client": "3.30.2", "eventemitter3": "^4.0.0" } }, "sha512-Y5YGWWjfXzl9e4wPRpgbzXaeM6VyM9vC1RIUn9a04SkTcpd9iheFOusaSsnGT9eXHTbiurWdzrbN9LhNWfmK2A=="],

    "@atlaskit/interaction-context": ["@atlaskit/interaction-context@4.1.0", "", { "dependencies": { "@babel/runtime": "^7.0.0" }, "peerDependencies": { "react": "^18.2.0" } }, "sha512-dgi1J2MqewK4h9asP8CcVJoqIuZPDPUVAQVDtRoLWy0/o7FAywMhzJI1sh7wOVtO8QkQ2Cm11hSROtWbk/ufBA=="],

    "@atlaskit/platform-feature-experiments": ["@atlaskit/platform-feature-experiments@0.3.1", "", { "dependencies": { "@atlaskit/feature-gate-js-client": "^7.0.0", "@atlaskit/react-ufo": "^8.0.0", "@babel/runtime": "^7.0.0" }, "peerDependencies": { "react": "^18.2.0" } }, "sha512-K989u4Vv44lppjKJPD//8w+FC/sCiXmSc3Cc/SnVEQZTXtPpMkP3e1T58Lo/S1ewLi1m1Y286zlA0hGYBo1yAA=="],

    "@atlaskit/platform-feature-flags": ["@atlaskit/platform-feature-flags@2.2.1", "", { "dependencies": { "@atlaskit/feature-gate-js-client": "^7.0.0", "@babel/runtime": "^7.0.0" } }, "sha512-+qR+UIdZ8T+5dqfv4R57YeAqvkj98D6imT+cCIC/PbUBYyMzkjL5MqlGEIX0c3FT9rr/B/b1nupw643xa2Ua2g=="],

    "@atlaskit/react-compiler-gating": ["@atlaskit/react-compiler-gating@0.2.4", "", { "dependencies": { "@atlaskit/feature-gate-js-client": "^7.0.0", "@babel/runtime": "^7.0.0" } }, "sha512-lcAfuofZrxa1f7g/Ik6XlJbr2RYu/nBM6ck+krElsNzjwT1ytuf5mW//BZHeyfIwI5sKL88bV6yZpQ2K9TaJCg=="],

    "@atlaskit/react-ufo": ["@atlaskit/react-ufo@8.1.0", "", { "dependencies": { "@atlaskit/atlassian-context": "^2.0.0", "@atlaskit/browser-apis": "^1.2.0", "@atlaskit/feature-gate-js-client": "^7.0.0", "@atlaskit/interaction-context": "^4.1.0", "@atlaskit/platform-feature-flags": "^2.2.0", "@atlaskit/react-compiler-gating": "^0.2.0", "@babel/runtime": "^7.0.0", "@opentelemetry/api": "^1.9.0", "bind-event-listener": "^3.0.0", "bowser-ultralight": "^1.0.6", "scheduler": "0.23.2", "uuid": "^11.1.1" }, "peerDependencies": { "react": "^18.2.0" } }, "sha512-4B7yeriKB7kEDtV3/7/bLZrj3WC1v+B7YXdTG7XYllOdHoWGV1DhQ63fUN0LTm/Wlqf+zN1R2AM1VnGm2YQkGA=="],

    "@atlaskit/tmp-editor-statsig": ["@atlaskit/tmp-editor-statsig@228.0.0", "", { "dependencies": { "@atlaskit/feature-gate-js-client": "^7.0.0", "@atlaskit/platform-feature-flags": "^2.2.0", "@atlaskit/react-ufo": "^8.1.0", "@babel/runtime": "^7.0.0" }, "peerDependencies": { "react": "^18.2.0 || ^19.2.0" } }, "sha512-P8dek7WzcWclYjrkzVu2yf9cPsEh9S9JuR4sf4gf/YGfoaNe6iqcs4zcWMCJklwmDMJPYYR4y/BsG/ugql2krg=="],

    "@babel/runtime": ["@babel/runtime@7.29.2", "", {}, "sha512-JiDShH45zKHWyGe4ZNVRrCjBz8Nh9TMmZG1kh4QTK8hCBTWBi8Da+i7s1fJw7/lYpM4ccepSNfqzZ/QvABBi5g=="],

    "@opentelemetry/api": ["@opentelemetry/api@1.9.1", "", {}, "sha512-gLyJlPHPZYdAk1JENA9LeHejZe1Ti77/pTeFm/nMXmQH/HFZlcS/O2XJB+L8fkbrNSqhdtlvjBVjxwUYanNH5Q=="],

    "@oxfmt/binding-android-arm-eabi": ["@oxfmt/binding-android-arm-eabi@0.43.0", "", { "os": "android", "cpu": "arm" }, "sha512-CgU2s+/9hHZgo0IxVxrbMPrMj+tJ6VM3mD7Mr/4oiz4FNTISLoCvRmB5nk4wAAle045RtRjd86m673jwPyb1OQ=="],

    "@oxfmt/binding-android-arm64": ["@oxfmt/binding-android-arm64@0.43.0", "", { "os": "android", "cpu": "arm64" }, "sha512-T9OfRwjA/EdYxAqbvR7TtqLv5nIrwPXuCtTwOHtS7aR9uXyn74ZYgzgTo6/ZwvTq9DY4W+DsV09hB2EXgn9EbA=="],

    "@oxfmt/binding-darwin-arm64": ["@oxfmt/binding-darwin-arm64@0.43.0", "", { "os": "darwin", "cpu": "arm64" }, "sha512-o3i49ZUSJWANzXMAAVY1wnqb65hn4JVzwlRQ5qfcwhRzIA8lGVaud31Q3by5ALHPrksp5QEaKCQF9aAS3TXpZA=="],

    "@oxfmt/binding-darwin-x64": ["@oxfmt/binding-darwin-x64@0.43.0", "", { "os": "darwin", "cpu": "x64" }, "sha512-vWECzzCFkb0kK6jaHjbtC5sC3adiNWtqawFCxhpvsWlzVeKmv5bNvkB4nux+o4JKWTpHCM57NDK/MeXt44txmA=="],

    "@oxfmt/binding-freebsd-x64": ["@oxfmt/binding-freebsd-x64@0.43.0", "", { "os": "freebsd", "cpu": "x64" }, "sha512-rgz8JpkKiI/umOf7fl9gwKyQasC8bs5SYHy6g7e4SunfLBY3+8ATcD5caIg8KLGEtKFm5ujKaH8EfjcmnhzTLg=="],

    "@oxfmt/binding-linux-arm-gnueabihf": ["@oxfmt/binding-linux-arm-gnueabihf@0.43.0", "", { "os": "linux", "cpu": "arm" }, "sha512-nWYnF3vIFzT4OM1qL/HSf1Yuj96aBuKWSaObXHSWliwAk2rcj7AWd6Lf7jowEBQMo4wCZVnueIGw/7C4u0KTBQ=="],

    "@oxfmt/binding-linux-arm-musleabihf": ["@oxfmt/binding-linux-arm-musleabihf@0.43.0", "", { "os": "linux", "cpu": "arm" }, "sha512-sFg+NWJbLfupYTF4WELHAPSnLPOn1jiDZ33Z1jfDnTaA+cC3iB35x0FMMZTFdFOz3icRIArncwCcemJFGXu6TQ=="],

    "@oxfmt/binding-linux-arm64-gnu": ["@oxfmt/binding-linux-arm64-gnu@0.43.0", "", { "os": "linux", "cpu": "arm64" }, "sha512-MelWqv68tX6wZEILDrTc9yewiGXe7im62+5x0bNXlCYFOZdA+VnYiJfAihbROsZ5fm90p9C3haFrqjj43XnlAA=="],

    "@oxfmt/binding-linux-arm64-musl": ["@oxfmt/binding-linux-arm64-musl@0.43.0", "", { "os": "linux", "cpu": "arm64" }, "sha512-ROaWfYh+6BSJ1Arwy5ujijTlwnZetxDxzBpDc1oBR4d7rfrPBqzeyjd5WOudowzQUgyavl2wEpzn1hw3jWcqLA=="],

    "@oxfmt/binding-linux-ppc64-gnu": ["@oxfmt/binding-linux-ppc64-gnu@0.43.0", "", { "os": "linux", "cpu": "ppc64" }, "sha512-PJRs/uNxmFipJJ8+SyKHh7Y7VZIKQicqrrBzvfyM5CtKi8D7yZKTwUOZV3ffxmiC2e7l1SDJpkBEOyue5NAFsg=="],

    "@oxfmt/binding-linux-riscv64-gnu": ["@oxfmt/binding-linux-riscv64-gnu@0.43.0", "", { "os": "linux", "cpu": "none" }, "sha512-j6biGAgzIhj+EtHXlbNumvwG7XqOIdiU4KgIWRXAEj/iUbHKukKW8eXa4MIwpQwW1YkxovduKtzEAPnjlnAhVQ=="],

    "@oxfmt/binding-linux-riscv64-musl": ["@oxfmt/binding-linux-riscv64-musl@0.43.0", "", { "os": "linux", "cpu": "none" }, "sha512-RYWxAcslKxvy7yri24Xm9cmD0RiANaiEPs007EFG6l9h1ChM69Q5SOzACaCoz4Z9dEplnhhneeBaTWMEdpgIbA=="],

    "@oxfmt/binding-linux-s390x-gnu": ["@oxfmt/binding-linux-s390x-gnu@0.43.0", "", { "os": "linux", "cpu": "s390x" }, "sha512-DT6Q8zfQQy3jxpezAsBACEHNUUixKSYTwdXeXojNHe4DQOoxjPdjr3Szu6BRNjxLykZM/xMNmp9ElOIyDppwtw=="],

    "@oxfmt/binding-linux-x64-gnu": ["@oxfmt/binding-linux-x64-gnu@0.43.0", "", { "os": "linux", "cpu": "x64" }, "sha512-R8Yk7iYcuZORXmCfFZClqbDxRZgZ9/HEidUuBNdoX8Ptx07cMePnMVJ/woB84lFIDjh2ROHVaOP40Ds3rBXFqg=="],

    "@oxfmt/binding-linux-x64-musl": ["@oxfmt/binding-linux-x64-musl@0.43.0", "", { "os": "linux", "cpu": "x64" }, "sha512-F2YYqyvnQNvi320RWZNAvsaWEHwmW3k4OwNJ1hZxRKXupY63expbBaNp6jAgvYs7y/g546vuQnGHQuCBhslhLQ=="],

    "@oxfmt/binding-openharmony-arm64": ["@oxfmt/binding-openharmony-arm64@0.43.0", "", { "os": "none", "cpu": "arm64" }, "sha512-OE6TdietLXV3F6c7pNIhx/9YC1/2YFwjU9DPc/fbjxIX19hNIaP1rS0cFjCGJlGX+cVJwIKWe8Mos+LdQ1yAJw=="],

    "@oxfmt/binding-win32-arm64-msvc": ["@oxfmt/binding-win32-arm64-msvc@0.43.0", "", { "os": "win32", "cpu": "arm64" }, "sha512-0nWK6a7pGkbdoypfVicmV9k/N1FwjPZENoqhlTU+5HhZnAhpIO3za30nEE33u6l6tuy9OVfpdXUqxUgZ+4lbZw=="],

    "@oxfmt/binding-win32-ia32-msvc": ["@oxfmt/binding-win32-ia32-msvc@0.43.0", "", { "os": "win32", "cpu": "ia32" }, "sha512-9aokTR4Ft+tRdvgN/pKzSkVy2ksc4/dCpDm9L/xFrbIw0yhLtASLbvoG/5WOTUh/BRPPnfGTsWznEqv0dlOmhA=="],

    "@oxfmt/binding-win32-x64-msvc": ["@oxfmt/binding-win32-x64-msvc@0.43.0", "", { "os": "win32", "cpu": "x64" }, "sha512-4bPgdQux2ZLWn3bf2TTXXMHcJB4lenmuxrLqygPmvCJ104Yqzj1UctxSRzR31TiJ4MLaG22RK8dUsVpJtrCz5g=="],

    "@oxlint/binding-android-arm-eabi": ["@oxlint/binding-android-arm-eabi@1.58.0", "", { "os": "android", "cpu": "arm" }, "sha512-1T7UN3SsWWxpWyWGn1cT3ASNJOo+pI3eUkmEl7HgtowapcV8kslYpFQcYn431VuxghXakPNlbjRwhqmR37PFOg=="],

    "@oxlint/binding-android-arm64": ["@oxlint/binding-android-arm64@1.58.0", "", { "os": "android", "cpu": "arm64" }, "sha512-GryzujxuiRv2YFF7bRy8mKcxlbuAN+euVUtGJt9KKbLT8JBUIosamVhcthLh+VEr6KE6cjeVMAQxKAzJcoN7dg=="],

    "@oxlint/binding-darwin-arm64": ["@oxlint/binding-darwin-arm64@1.58.0", "", { "os": "darwin", "cpu": "arm64" }, "sha512-7/bRSJIwl4GxeZL9rPZ11anNTyUO9epZrfEJH/ZMla3+/gbQ6xZixh9nOhsZ0QwsTW7/5J2A/fHbD1udC5DQQA=="],

    "@oxlint/binding-darwin-x64": ["@oxlint/binding-darwin-x64@1.58.0", "", { "os": "darwin", "cpu": "x64" }, "sha512-EqdtJSiHweS2vfILNrpyJ6HUwpEq2g7+4Zx1FPi4hu3Hu7tC3znF6ufbXO8Ub2LD4mGgznjI7kSdku9NDD1Mkg=="],

    "@oxlint/binding-freebsd-x64": ["@oxlint/binding-freebsd-x64@1.58.0", "", { "os": "freebsd", "cpu": "x64" }, "sha512-VQt5TH4M42mY20F545G637RKxV/yjwVtKk2vfXuazfReSIiuvWBnv+FVSvIV5fKVTJNjt3GSJibh6JecbhGdBw=="],

    "@oxlint/binding-linux-arm-gnueabihf": ["@oxlint/binding-linux-arm-gnueabihf@1.58.0", "", { "os": "linux", "cpu": "arm" }, "sha512-fBYcj4ucwpAtjJT3oeBdFBYKvNyjRSK+cyuvBOTQjh0jvKp4yeA4S/D0IsCHus/VPaNG5L48qQkh+Vjy3HL2/Q=="],

    "@oxlint/binding-linux-arm-musleabihf": ["@oxlint/binding-linux-arm-musleabihf@1.58.0", "", { "os": "linux", "cpu": "arm" }, "sha512-0BeuFfwlUHlJ1xpEdSD1YO3vByEFGPg36uLjK1JgFaxFb4W6w17F8ET8sz5cheZ4+x5f2xzdnRrrWv83E3Yd8g=="],

    "@oxlint/binding-linux-arm64-gnu": ["@oxlint/binding-linux-arm64-gnu@1.58.0", "", { "os": "linux", "cpu": "arm64" }, "sha512-TXlZgnPTlxrQzxG9ZXU7BNwx1Ilrr17P3GwZY0If2EzrinqRH3zXPc3HrRcBJgcsoZNMuNL5YivtkJYgp467UQ=="],

    "@oxlint/binding-linux-arm64-musl": ["@oxlint/binding-linux-arm64-musl@1.58.0", "", { "os": "linux", "cpu": "arm64" }, "sha512-zSoYRo5dxHLcUx93Stl2hW3hSNjPt99O70eRVWt5A1zwJ+FPjeCCANCD2a9R4JbHsdcl11TIQOjyigcRVOH2mw=="],

    "@oxlint/binding-linux-ppc64-gnu": ["@oxlint/binding-linux-ppc64-gnu@1.58.0", "", { "os": "linux", "cpu": "ppc64" }, "sha512-NQ0U/lqxH2/VxBYeAIvMNUK1y0a1bJ3ZicqkF2c6wfakbEciP9jvIE4yNzCFpZaqeIeRYaV7AVGqEO1yrfVPjA=="],

    "@oxlint/binding-linux-riscv64-gnu": ["@oxlint/binding-linux-riscv64-gnu@1.58.0", "", { "os": "linux", "cpu": "none" }, "sha512-X9J+kr3gIC9FT8GuZt0ekzpNUtkBVzMVU4KiKDSlocyQuEgi3gBbXYN8UkQiV77FTusLDPsovjo95YedHr+3yg=="],

    "@oxlint/binding-linux-riscv64-musl": ["@oxlint/binding-linux-riscv64-musl@1.58.0", "", { "os": "linux", "cpu": "none" }, "sha512-CDze3pi1OO3Wvb/QsXjmLEY4XPKGM6kIo82ssNOgmcl1IdndF9VSGAE38YLhADWmOac7fjqhBw82LozuUVxD0Q=="],

    "@oxlint/binding-linux-s390x-gnu": ["@oxlint/binding-linux-s390x-gnu@1.58.0", "", { "os": "linux", "cpu": "s390x" }, "sha512-b/89glbxFaEAcA6Uf1FvCNecBJEgcUTsV1quzrqXM/o4R1M4u+2KCVuyGCayN2UpsRWtGGLb+Ver0tBBpxaPog=="],

    "@oxlint/binding-linux-x64-gnu": ["@oxlint/binding-linux-x64-gnu@1.58.0", "", { "os": "linux", "cpu": "x64" }, "sha512-0/yYpkq9VJFCEcuRlrViGj8pJUFFvNS4EkEREaN7CB1EcLXJIaVSSa5eCihwBGXtOZxhnblWgxks9juRdNQI7w=="],

    "@oxlint/binding-linux-x64-musl": ["@oxlint/binding-linux-x64-musl@1.58.0", "", { "os": "linux", "cpu": "x64" }, "sha512-hr6FNvmcAXiH+JxSvaJ4SJ1HofkdqEElXICW9sm3/Rd5eC3t7kzvmLyRAB3NngKO2wzXRCAm4Z/mGWfrsS4X8w=="],

    "@oxlint/binding-openharmony-arm64": ["@oxlint/binding-openharmony-arm64@1.58.0", "", { "os": "none", "cpu": "arm64" }, "sha512-R+O368VXgRql1K6Xar+FEo7NEwfo13EibPMoTv3sesYQedRXd6m30Dh/7lZMxnrQVFfeo4EOfYIP4FpcgWQNHg=="],

    "@oxlint/binding-win32-arm64-msvc": ["@oxlint/binding-win32-arm64-msvc@1.58.0", "", { "os": "win32", "cpu": "arm64" }, "sha512-Q0FZiAY/3c4YRj4z3h9K1PgaByrifrfbBoODSeX7gy97UtB7pySPUQfC2B/GbxWU6k7CzQrRy5gME10PltLAFQ=="],

    "@oxlint/binding-win32-ia32-msvc": ["@oxlint/binding-win32-ia32-msvc@1.58.0", "", { "os": "win32", "cpu": "ia32" }, "sha512-Y8FKBABrSPp9H0QkRLHDHOSUgM/309a3IvOVgPcVxYcX70wxJrk608CuTg7w+C6vEd724X5wJoNkBcGYfH7nNQ=="],

    "@oxlint/binding-win32-x64-msvc": ["@oxlint/binding-win32-x64-msvc@1.58.0", "", { "os": "win32", "cpu": "x64" }, "sha512-bCn5rbiz5My+Bj7M09sDcnqW0QJyINRVxdZ65x1/Y2tGrMwherwK/lpk+HRQCKvXa8pcaQdF5KY5j54VGZLwNg=="],

    "@statsig/client-core": ["@statsig/client-core@3.30.2", "", {}, "sha512-F3u1+LDml6IFz/tMbSYI0pEOMR13OHM71lLJ3RuoWpK2KpCwfsHpt7kBmUKJxUXZ05CP/jWgmhG/ROj7eqDCPQ=="],

    "@statsig/js-client": ["@statsig/js-client@3.30.2", "", { "dependencies": { "@statsig/client-core": "3.30.2" } }, "sha512-Cjs4uzyAxt1sw44oa6qSNWuZdO11jmgrpOVBC2NajtpA55GBmAfjZ3vQdXizUffUZMRmFiEpGwxi9zmjFEG7Sw=="],

    "@types/bun": ["@types/bun@1.3.11", "", { "dependencies": { "bun-types": "1.3.11" } }, "sha512-5vPne5QvtpjGpsGYXiFyycfpDF2ECyPcTSsFBMa0fraoxiQyMJ3SmuQIGhzPg2WJuWxVBoxWJ2kClYTcw/4fAg=="],

    "@types/linkify-it": ["@types/linkify-it@5.0.0", "", {}, "sha512-sVDA58zAw4eWAffKOaQH5/5j3XeayukzDk+ewSsnv3p4yJEZHCCzMDiZM8e0OUrRvmpGZ85jf4yDHkHsgBNr9Q=="],

    "@types/markdown-it": ["@types/markdown-it@14.1.2", "", { "dependencies": { "@types/linkify-it": "^5", "@types/mdurl": "^2" } }, "sha512-promo4eFwuiW+TfGxhi+0x3czqTYJkG8qB17ZUJiVF10Xm7NLVRSLUsfRTU/6h1e24VvRnXCx+hG7li58lkzog=="],

    "@types/mdurl": ["@types/mdurl@2.0.0", "", {}, "sha512-RGdgjQUZba5p6QEFAVx2OGb8rQDL/cPRG7GiedRzMcJ1tYnUANBncjbSB1NRGwbvjcPeikRABz2nshyPk1bhWg=="],

    "@types/node": ["@types/node@25.5.2", "", { "dependencies": { "undici-types": "~7.18.0" } }, "sha512-tO4ZIRKNC+MDWV4qKVZe3Ql/woTnmHDr5JD8UI5hn2pwBrHEwOEMZK7WlNb5RKB6EoJ02gwmQS9OrjuFnZYdpg=="],

    "ajv": ["ajv@8.18.0", "", { "dependencies": { "fast-deep-equal": "^3.1.3", "fast-uri": "^3.0.1", "json-schema-traverse": "^1.0.0", "require-from-string": "^2.0.2" } }, "sha512-PlXPeEWMXMZ7sPYOHqmDyCJzcfNrUr3fGNKtezX14ykXOEIvyK81d+qydx89KY5O71FKMPaQ2vBfBFI5NHR63A=="],

    "ajv-draft-04": ["ajv-draft-04@1.0.0", "", { "peerDependencies": { "ajv": "^8.5.0" }, "optionalPeers": ["ajv"] }, "sha512-mv00Te6nmYbRp5DCwclxtt7yV/joXJPGS7nM+97GdxvuttCOfgI3K4U25zboyeX0O+myI8ERluxQe5wljMmVIw=="],

    "argparse": ["argparse@2.0.1", "", {}, "sha512-8+9WqebbFzpX9OR+Wa6O29asIogeRMzcGtAINdpMHHyAg10f05aSFVBbcEqGf/PXw1EjAZ+q2/bEBg3DvurK3Q=="],

    "bind-event-listener": ["bind-event-listener@3.0.0", "", {}, "sha512-PJvH288AWQhKs2v9zyfYdPzlPqf5bXbGMmhmUIY9x4dAUGIWgomO771oBQNwJnMQSnUIXhKu6sgzpBRXTlvb8Q=="],

    "bowser-ultralight": ["bowser-ultralight@1.0.6", "", {}, "sha512-ASWi8n3c6JvsUhbjproHnT4Mdhs4Q9wOxq1oSjUkM2e5StEEUmy1ej4UNOLSyeU4ANQFTx+mY+bsv/aH+AIcpg=="],

    "bun-types": ["bun-types@1.3.11", "", { "dependencies": { "@types/node": "*" } }, "sha512-1KGPpoxQWl9f6wcZh57LvrPIInQMn2TQ7jsgxqpRzg+l0QPOFvJVH7HmvHo/AiPgwXy+/Thf6Ov3EdVn1vOabg=="],

    "css-color-names": ["css-color-names@0.0.4", "", {}, "sha512-zj5D7X1U2h2zsXOAM8EyUREBnnts6H+Jm+d1M2DbiQQcUtnqgQsMrdo8JW9R80YFUmIdBZeMu5wvYM7hcgWP/Q=="],

    "entities": ["entities@4.5.0", "", {}, "sha512-V0hjH4dGPh9Ao5p0MoRY6BVqtwCjhz6vI5LT8AJ55H+4g9/4vbHx1I54fS0XuclLhDHArPQCiMjDxjaL8fPxhw=="],

    "eventemitter3": ["eventemitter3@4.0.7", "", {}, "sha512-8guHBZCwKnFhYdHr2ysuRWErTwhoN2X8XELRlrRwpmfeY2jjuUN4taQMsULKUVo1K4DvZl+0pgfyoysHxvmvEw=="],

    "fast-deep-equal": ["fast-deep-equal@3.1.3", "", {}, "sha512-f3qQ9oQy9j2AhBe/H9VC91wLmKBCCU/gDOnKNAYG5hswO7BLKj09Hc5HYNz9cGI++xlpDCIgDaitVs03ATR84Q=="],

    "fast-uri": ["fast-uri@3.1.0", "", {}, "sha512-iPeeDKJSWf4IEOasVVrknXpaBV0IApz/gp7S2bb7Z4Lljbl2MGJRqInZiUrQwV16cpzw/D3S5j5Julj/gT52AA=="],

    "js-tokens": ["js-tokens@4.0.0", "", {}, "sha512-RdJUflcE3cUzKiMqQgsCu06FPu9UdIJO0beYbPhHN4k6apgJtifcoCtT9bcxOpYBtpD2kCM6Sbzg4CausW/PKQ=="],

    "json-schema-traverse": ["json-schema-traverse@1.0.0", "", {}, "sha512-NM8/P9n3XjXhIZn1lLhkFaACTOURQXjWhV4BA/RnOv8xvgqtqpAX9IO4mRQxSx1Rlo4tqzeqb0sOlruaOy3dug=="],

    "linkify-it": ["linkify-it@5.0.2", "", { "dependencies": { "uc.micro": "^2.0.0" } }, "sha512-ONTm2jCMAVZjgQa/Fy1kScXsuOoF5NPTsoFBdE1KVIZ2vAh/r9+Bqo+0jINCBYnavTPQZz38QzFTme79ENoN3Q=="],

    "lodash": ["lodash@4.18.1", "", {}, "sha512-dMInicTPVE8d1e5otfwmmjlxkZoUpiVLwyeTdUsi/Caj/gfzzblBcCE5sRHV/AsjuCmxWrte2TNGSYuCeCq+0Q=="],

    "loose-envify": ["loose-envify@1.4.0", "", { "dependencies": { "js-tokens": "^3.0.0 || ^4.0.0" }, "bin": { "loose-envify": "cli.js" } }, "sha512-lyuxPGr/Wfhrlem2CL/UcnUc1zcqKAImBDzukY7Y5F/yQiNdko6+fRLevlw1HgMySw7f611UIY408EtxRSoK3Q=="],

    "markdown-it": ["markdown-it@14.1.1", "", { "dependencies": { "argparse": "^2.0.1", "entities": "^4.4.0", "linkify-it": "^5.0.0", "mdurl": "^2.0.0", "punycode.js": "^2.3.1", "uc.micro": "^2.1.0" }, "bin": { "markdown-it": "bin/markdown-it.mjs" } }, "sha512-BuU2qnTti9YKgK5N+IeMubp14ZUKUUw7yeJbkjtosvHiP0AZ5c8IAgEMk79D0eC8F23r4Ac/q8cAIFdm2FtyoA=="],

    "markdown-it-table": ["markdown-it-table@2.0.6", "", {}, "sha512-TvVf4yCSK8YrxnOldEehkkHlDy4Tzk+QrMf1/YVo+YIwzZZyoyy80blnVVsbluNJ3WiebTkXepqbOZh0ONunbA=="],

    "mdurl": ["mdurl@2.0.0", "", {}, "sha512-Lf+9+2r+Tdp5wXDXC4PcIBjTDtq4UKjCPMQhKIuzpJNW0b96kVqSwW0bT7FhRSfmAiFYgP+SCRvdrDozfh0U5w=="],

    "memoize-one": ["memoize-one@6.0.0", "", {}, "sha512-rkpe71W0N0c0Xz6QD0eJETuWAJGnJ9afsl1srmwPrI+yBCkge5EycXXbYRyvL29zZVUWQCY7InPRCv3GDXuZNw=="],

    "orderedmap": ["orderedmap@2.1.1", "", {}, "sha512-TvAWxi0nDe1j/rtMcWcIj94+Ffe6n7zhow33h40SKxmsmozs6dz/e+EajymfoFcHd7sxNn8yHM8839uixMOV6g=="],

    "oxfmt": ["oxfmt@0.43.0", "", { "dependencies": { "tinypool": "2.1.0" }, "optionalDependencies": { "@oxfmt/binding-android-arm-eabi": "0.43.0", "@oxfmt/binding-android-arm64": "0.43.0", "@oxfmt/binding-darwin-arm64": "0.43.0", "@oxfmt/binding-darwin-x64": "0.43.0", "@oxfmt/binding-freebsd-x64": "0.43.0", "@oxfmt/binding-linux-arm-gnueabihf": "0.43.0", "@oxfmt/binding-linux-arm-musleabihf": "0.43.0", "@oxfmt/binding-linux-arm64-gnu": "0.43.0", "@oxfmt/binding-linux-arm64-musl": "0.43.0", "@oxfmt/binding-linux-ppc64-gnu": "0.43.0", "@oxfmt/binding-linux-riscv64-gnu": "0.43.0", "@oxfmt/binding-linux-riscv64-musl": "0.43.0", "@oxfmt/binding-linux-s390x-gnu": "0.43.0", "@oxfmt/binding-linux-x64-gnu": "0.43.0", "@oxfmt/binding-linux-x64-musl": "0.43.0", "@oxfmt/binding-openharmony-arm64": "0.43.0", "@oxfmt/binding-win32-arm64-msvc": "0.43.0", "@oxfmt/binding-win32-ia32-msvc": "0.43.0", "@oxfmt/binding-win32-x64-msvc": "0.43.0" }, "bin": { "oxfmt": "bin/oxfmt" } }, "sha512-KTYNG5ISfHSdmeZ25Xzb3qgz9EmQvkaGAxgBY/p38+ZiAet3uZeu7FnMwcSQJg152Qwl0wnYAxDc+Z/H6cvrwA=="],

    "oxlint": ["oxlint@1.58.0", "", { "optionalDependencies": { "@oxlint/binding-android-arm-eabi": "1.58.0", "@oxlint/binding-android-arm64": "1.58.0", "@oxlint/binding-darwin-arm64": "1.58.0", "@oxlint/binding-darwin-x64": "1.58.0", "@oxlint/binding-freebsd-x64": "1.58.0", "@oxlint/binding-linux-arm-gnueabihf": "1.58.0", "@oxlint/binding-linux-arm-musleabihf": "1.58.0", "@oxlint/binding-linux-arm64-gnu": "1.58.0", "@oxlint/binding-linux-arm64-musl": "1.58.0", "@oxlint/binding-linux-ppc64-gnu": "1.58.0", "@oxlint/binding-linux-riscv64-gnu": "1.58.0", "@oxlint/binding-linux-riscv64-musl": "1.58.0", "@oxlint/binding-linux-s390x-gnu": "1.58.0", "@oxlint/binding-linux-x64-gnu": "1.58.0", "@oxlint/binding-linux-x64-musl": "1.58.0", "@oxlint/binding-openharmony-arm64": "1.58.0", "@oxlint/binding-win32-arm64-msvc": "1.58.0", "@oxlint/binding-win32-ia32-msvc": "1.58.0", "@oxlint/binding-win32-x64-msvc": "1.58.0" }, "peerDependencies": { "oxlint-tsgolint": ">=0.18.0" }, "optionalPeers": ["oxlint-tsgolint"], "bin": { "oxlint": "bin/oxlint" } }, "sha512-t4s9leczDMqlvOSjnbCQe7gtoLkWgBGZ7sBdCJ9EOj5IXFSG/X7OAzK4yuH4iW+4cAYe8kLFbC8tuYMwWZm+Cg=="],

    "prosemirror-commands": ["prosemirror-commands@1.7.1", "", { "dependencies": { "prosemirror-model": "^1.0.0", "prosemirror-state": "^1.0.0", "prosemirror-transform": "^1.10.2" } }, "sha512-rT7qZnQtx5c0/y/KlYaGvtG411S97UaL6gdp6RIZ23DLHanMYLyfGBV5DtSnZdthQql7W+lEVbpSfwtO8T+L2w=="],

    "prosemirror-dropcursor": ["prosemirror-dropcursor@1.8.2", "", { "dependencies": { "prosemirror-state": "^1.0.0", "prosemirror-transform": "^1.1.0", "prosemirror-view": "^1.1.0" } }, "sha512-CCk6Gyx9+Tt2sbYk5NK0nB1ukHi2ryaRgadV/LvyNuO3ena1payM2z6Cg0vO1ebK8cxbzo41ku2DE5Axj1Zuiw=="],

    "prosemirror-history": ["prosemirror-history@1.5.0", "", { "dependencies": { "prosemirror-state": "^1.2.2", "prosemirror-transform": "^1.0.0", "prosemirror-view": "^1.31.0", "rope-sequence": "^1.3.0" } }, "sha512-zlzTiH01eKA55UAf1MEjtssJeHnGxO0j4K4Dpx+gnmX9n+SHNlDqI2oO1Kv1iPN5B1dm5fsljCfqKF9nFL6HRg=="],

    "prosemirror-keymap": ["prosemirror-keymap@1.2.3", "", { "dependencies": { "prosemirror-state": "^1.0.0", "w3c-keyname": "^2.2.0" } }, "sha512-4HucRlpiLd1IPQQXNqeo81BGtkY8Ai5smHhKW9jjPKRc2wQIxksg7Hl1tTI2IfT2B/LgX6bfYvXxEpJl7aKYKw=="],

    "prosemirror-markdown": ["prosemirror-markdown@1.13.2", "", { "dependencies": { "@types/markdown-it": "^14.0.0", "markdown-it": "^14.0.0", "prosemirror-model": "^1.25.0" } }, "sha512-FPD9rHPdA9fqzNmIIDhhnYQ6WgNoSWX9StUZ8LEKapaXU9i6XgykaHKhp6XMyXlOWetmaFgGDS/nu/w9/vUc5g=="],

    "prosemirror-model": ["prosemirror-model@1.25.4", "", { "dependencies": { "orderedmap": "^2.0.0" } }, "sha512-PIM7E43PBxKce8OQeezAs9j4TP+5yDpZVbuurd1h5phUxEKIu+G2a+EUZzIC5nS1mJktDJWzbqS23n1tsAf5QA=="],

    "prosemirror-state": ["prosemirror-state@1.4.4", "", { "dependencies": { "prosemirror-model": "^1.0.0", "prosemirror-transform": "^1.0.0", "prosemirror-view": "^1.27.0" } }, "sha512-6jiYHH2CIGbCfnxdHbXZ12gySFY/fz/ulZE333G6bPqIZ4F+TXo9ifiR86nAHpWnfoNjOb3o5ESi7J8Uz1jXHw=="],

    "prosemirror-transform": ["prosemirror-transform@1.10.5", "", { "dependencies": { "prosemirror-model": "^1.21.0" } }, "sha512-RPDQCxIDhIBb1o36xxwsaeAvivO8VLJcgBtzmOwQ64bMtsVFh5SSuJ6dWSxO1UsHTiTXPCgQm3PDJt7p6IOLbw=="],

    "prosemirror-utils": ["prosemirror-utils@1.2.2", "", { "peerDependencies": { "prosemirror-model": "^1.19.2", "prosemirror-state": "^1.4.3" } }, "sha512-7a2MPf99oCW8/587rQYI1/snX71Ban40+apr1hLkY8TmU9YXd7JeR6QsmktcTisJURO3WRjxIia4lTMsYgZVOw=="],

    "prosemirror-view": ["prosemirror-view@1.41.5", "", { "dependencies": { "prosemirror-model": "^1.20.0", "prosemirror-state": "^1.0.0", "prosemirror-transform": "^1.1.0" } }, "sha512-UDQbIPnDrjE8tqUBbPmCOZgtd75htE6W3r0JCmY9bL6W1iemDM37MZEKC49d+tdQ0v/CKx4gjxLoLsfkD2NiZA=="],

    "punycode.js": ["punycode.js@2.3.1", "", {}, "sha512-uxFIHU0YlHYhDQtV4R9J6a52SLx28BCjT+4ieh7IGbgwVJWO+km431c4yRlREUAsAmt/uMjQUyQHNEPf0M39CA=="],

    "react": ["react@18.3.1", "", { "dependencies": { "loose-envify": "^1.1.0" } }, "sha512-wS+hAgJShR0KhEvPJArfuPVN1+Hz1t0Y6n5jLrGQbkb4urgPE/0Rve+1kMB1v/oWgHgm4WIcV+i7F2pTVj+2iQ=="],

    "require-from-string": ["require-from-string@2.0.2", "", {}, "sha512-Xf0nWe6RseziFMu+Ap9biiUbmplq6S9/p+7w7YXP/JBHhrUDDUhwa+vANyubuqfZWTveU//DYVGsDG7RKL/vEw=="],

    "rope-sequence": ["rope-sequence@1.3.4", "", {}, "sha512-UT5EDe2cu2E/6O4igUr5PSFs23nvvukicWHx6GnOPlHAiiYbzNuCRQCuiUdHJQcqKalLKlrYJnjY0ySGsXNQXQ=="],

    "scheduler": ["scheduler@0.23.2", "", { "dependencies": { "loose-envify": "^1.1.0" } }, "sha512-UOShsPwz7NrMUqhR6t0hWjFduvOzbtv7toDH1/hIrfRNIDBnnBWd0CwJTGvTpngVlmwGCdP9/Zl/tVrDqcuYzQ=="],

    "tinypool": ["tinypool@2.1.0", "", {}, "sha512-Pugqs6M0m7Lv1I7FtxN4aoyToKg1C4tu+/381vH35y8oENM/Ai7f7C4StcoK4/+BSw9ebcS8jRiVrORFKCALLw=="],

    "typescript": ["typescript@6.0.2", "", { "bin": { "tsc": "bin/tsc", "tsserver": "bin/tsserver" } }, "sha512-bGdAIrZ0wiGDo5l8c++HWtbaNCWTS4UTv7RaTH/ThVIgjkveJt83m74bBHMJkuCbslY8ixgLBVZJIOiQlQTjfQ=="],

    "uc.micro": ["uc.micro@2.1.0", "", {}, "sha512-ARDJmphmdvUk6Glw7y9DQ2bFkKBHwQHLi2lsaH6PPmz/Ka9sFOBsBluozhDltWmnv9u/cF6Rt87znRTPV+yp/A=="],

    "undici-types": ["undici-types@7.18.2", "", {}, "sha512-AsuCzffGHJybSaRrmr5eHr81mwJU3kjw6M+uprWvCXiNeN9SOGwQ3Jn8jb8m3Z6izVgknn1R0FTCEAP2QrLY/w=="],

    "uuid": ["uuid@11.1.1", "", { "bin": { "uuid": "dist/esm/bin/uuid" } }, "sha512-vIYxrBCC/N/K+Js3qSN88go7kIfNPssr/hHCesKCQNAjmgvYS2oqr69kIufEG+O4+PfezOH4EbIeHCfFov8ZgQ=="],

    "w3c-keyname": ["w3c-keyname@2.2.8", "", {}, "sha512-dpojBhNsCNN7T82Tm7k26A6G9ML3NkhDsnw9n/eoxSRlVBB4CEtIQ/KTCLI2Fwf3ataSXRhYFkQi3SlnFwPvPQ=="],

    "markdown-it/linkify-it": ["linkify-it@5.0.0", "", { "dependencies": { "uc.micro": "^2.0.0" } }, "sha512-5aHCbzQRADcdP+ATqnDuhhJ/MRIqDkZX5pyjFHRRysS8vZ5AbqGEoFIb6pYHPZ+L/OC2Lc+xT8uHVVR5CAK/wQ=="],
  }
}
